{
  "name": "@await/fetch",
  "version": "1.0.0",
  "lockfileVersion": 2,
  "requires": true,
  "packages": {
    "": {
      "name": "@await/fetch",
      "version": "1.0.0",
      "license": "MIT",
      "dependencies": {
        "@reified/fail": "^1.0.0-alpha.1"
      }
    },
    "node_modules/@reified/fail": {
      "version": "1.0.0-alpha.1",
      "resolved": "https://registry.npmjs.org/@reified/fail/-/fail-1.0.0-alpha.1.tgz",
      "integrity": "sha512-kA3yv1eojteVOACLVwaw0g0i+rDUtkryYlKQmwv7AIB7rXIC6yE+4mDUS9tN3ijeYKH71ZddsJQVxGm8NdOeaw=="
    }
  },
  "dependencies": {
    "@reified/fail": {
      "version": "1.0.0-alpha.1",
      "resolved": "https://registry.npmjs.org/@reified/fail/-/fail-1.0.0-alpha.1.tgz",
      "integrity": "sha512-kA3yv1eojteVOACLVwaw0g0i+rDUtkryYlKQmwv7AIB7rXIC6yE+4mDUS9tN3ijeYKH71ZddsJQVxGm8NdOeaw=="
    }
  }
}
