{
  "name": "@await/spawn",
  "version": "10.0.0",
  "lockfileVersion": 2,
  "requires": true,
  "packages": {
    "": {
      "name": "@await/spawn",
      "version": "10.0.0",
      "license": "MIT",
      "dependencies": {
        "@reified/object": "^1.0.0-alpha.3"
      }
    },
    "node_modules/@reified/fail": {
      "version": "1.0.0-alpha.1",
      "resolved": "https://registry.npmjs.org/@reified/fail/-/fail-1.0.0-alpha.1.tgz",
      "integrity": "sha512-kA3yv1eojteVOACLVwaw0g0i+rDUtkryYlKQmwv7AIB7rXIC6yE+4mDUS9tN3ijeYKH71ZddsJQVxGm8NdOeaw=="
    },
    "node_modules/@reified/intrinsics": {
      "version": "1.0.0-alpha.6",
      "resolved": "https://registry.npmjs.org/@reified/intrinsics/-/intrinsics-1.0.0-alpha.6.tgz",
      "integrity": "sha512-dETeuyGTQ1ljjPzpiE7M1lCAOobDgNWMhxuLZW+J0cjht21EbtTKYvn8LdHOOtoUbKCFYLHAv2BTCeSQY9MM2A=="
    },
    "node_modules/@reified/object": {
      "version": "1.0.0-alpha.3",
      "resolved": "https://registry.npmjs.org/@reified/object/-/object-1.0.0-alpha.3.tgz",
      "integrity": "sha512-K8sBYiMGikh7Nbks9Ugtz3f/2M3om9D2AH9QgMmR/mSIbELzpOgGDDPzB6cliA2LnFwmQbEYU/I2F3ySeCEYgQ==",
      "dependencies": {
        "@reified/fail": "1.0.0-alpha.1",
        "@reified/intrinsics": "1.0.0-alpha.6"
      }
    }
  },
  "dependencies": {
    "@reified/fail": {
      "version": "1.0.0-alpha.1",
      "resolved": "https://registry.npmjs.org/@reified/fail/-/fail-1.0.0-alpha.1.tgz",
      "integrity": "sha512-kA3yv1eojteVOACLVwaw0g0i+rDUtkryYlKQmwv7AIB7rXIC6yE+4mDUS9tN3ijeYKH71ZddsJQVxGm8NdOeaw=="
    },
    "@reified/intrinsics": {
      "version": "1.0.0-alpha.6",
      "resolved": "https://registry.npmjs.org/@reified/intrinsics/-/intrinsics-1.0.0-alpha.6.tgz",
      "integrity": "sha512-dETeuyGTQ1ljjPzpiE7M1lCAOobDgNWMhxuLZW+J0cjht21EbtTKYvn8LdHOOtoUbKCFYLHAv2BTCeSQY9MM2A=="
    },
    "@reified/object": {
      "version": "1.0.0-alpha.3",
      "resolved": "https://registry.npmjs.org/@reified/object/-/object-1.0.0-alpha.3.tgz",
      "integrity": "sha512-K8sBYiMGikh7Nbks9Ugtz3f/2M3om9D2AH9QgMmR/mSIbELzpOgGDDPzB6cliA2LnFwmQbEYU/I2F3ySeCEYgQ==",
      "requires": {
        "@reified/fail": "1.0.0-alpha.1",
        "@reified/intrinsics": "1.0.0-alpha.6"
      }
    }
  }
}
